<?xml version="1.0" encoding="utf-8"?>
<Project ToolsVersion="4.0" xmlns="http://schemas.microsoft.com/developer/msbuild/2003">
  <ItemGroup>
    <FxCompile Include="Resources\shaders\hlsl\Particle.PS.hlsl" />
    <FxCompile Include="Resources\shaders\hlsl\Particle.VS.hlsl" />
    <FxCompile Include="Resources\shaders\hlsl\Object3d.PS.hlsl" />
    <FxCompile Include="Resources\shaders\hlsl\Object3d.VS.hlsl" />
    <FxCompile Include="Resources\shaders\hlsl\ShadowMap.PS.hlsl" />
    <FxCompile Include="Resources\shaders\hlsl\ShadowMap.VS.hlsl" />
    <FxCompile Include="Resources\shaders\hlsl\Sprite.PS.hlsl" />
    <FxCompile Include="Resources\shaders\hlsl\Sprite.VS.hlsl" />
  </ItemGroup>
  <ItemGroup>
    <ClCompile Include="Engine\Utility\Camera.cpp" />
    <ClCompile Include="Engine\Utility\D3DResourceLeakChecker.cpp" />
    <ClCompile Include="Engine\Base\DirectXCommon.cpp" />
    <ClCompile Include="externals\imgui\imgui.cpp" />
    <ClCompile Include="externals\imgui\imgui_demo.cpp" />
    <ClCompile Include="externals\imgui\imgui_draw.cpp" />
    <ClCompile Include="externals\imgui\imgui_impl_dx12.cpp" />
    <ClCompile Include="externals\imgui\imgui_impl_win32.cpp" />
    <ClCompile Include="externals\imgui\imgui_tables.cpp" />
    <ClCompile Include="externals\imgui\imgui_widgets.cpp" />
    <ClCompile Include="Game\Entity\Goal.cpp" />
    <ClCompile Include="Engine\Base\Input.cpp" />
    <ClCompile Include="Engine\Base\Logger.cpp" />
    <ClCompile Include="Game\Entity\MapCursor.cpp" />
    <ClCompile Include="Engine\Graphics\3D\Model.cpp" />
    <ClCompile Include="Engine\Graphics\3D\SkinnedModel.cpp" />
    <ClCompile Include="Engine\Graphics\3D\SkinnedObject.cpp" />
    <ClCompile Include="Engine\Graphics\3D\ModelManager.cpp" />
    <ClCompile Include="Engine\Graphics\3D\SrvManager.cpp" />
    <ClCompile Include="Game\Scene\MyGame.cpp" />
    <ClCompile Include="Game\Scene\GameBgmController.cpp" />
    <ClCompile Include="Game\Scene\EffectShowcaseController.cpp" />
    <ClCompile Include="Game\Scene\PostEffectShowcaseController.cpp" />
    <ClCompile Include="Game\Scene\GameRuntime.cpp" />
    <ClCompile Include="Game\Scene\GameRuntimeEditor.cpp" />
    <ClCompile Include="Game\Scene\GameRuntimeEffects.cpp" />
    <ClCompile Include="Game\Scene\GameRuntimeGameplay.cpp" />
    <ClCompile Include="Game\Scene\GameRuntimeLifecycle.cpp" />
    <ClCompile Include="Game\Scene\GameRuntimeRendering.cpp" />
    <ClCompile Include="Game\Scene\GameRuntimeScenes.cpp" />
    <ClCompile Include="Game\Scene\StormEffectEditorController.cpp" />
    <ClCompile Include="Game\Scene\HitEffectEditorView.cpp" />
    <ClCompile Include="Game\Environment\WeatherRuntimeController.cpp" />
    <ClCompile Include="Game\UI\GameplayUIManager.cpp" />
    <ClCompile Include="Game\UI\BlockInventoryUI.cpp" />
    <ClCompile Include="Game\Camera\GameplayCameraController.cpp" />
    <ClCompile Include="Game\Stage\StageEditorController.cpp" />
    <ClCompile Include="Engine\Math\MyMath.cpp" />
    <ClCompile Include="Engine\Graphics\3D\Object3d.cpp" />
    <ClCompile Include="Engine\Graphics\3D\Object3dCommon.cpp" />
    <ClCompile Include="Engine\Graphics\Particle\ParticleManager.cpp" />
    <ClCompile Include="Game\Player\Player.cpp" />
    <ClCompile Include="Engine\Graphics\2D\Sprite.cpp" />
    <ClCompile Include="Engine\Graphics\2D\SpriteCommon.cpp" />
    <ClCompile Include="Engine\Graphics\3D\ShadowMap.cpp" />
    <ClCompile Include="Engine\Utility\LightCamera.cpp" />
    <ClCompile Include="src\app\main.cpp" />
    <ClCompile Include="Game\Stage\StageMap.cpp" />
    <ClCompile Include="Game\Stage\StageMapGimmickSystem.cpp" />
    <ClCompile Include="Game\Stage\StageCrumblingFloorEffectUpdater.cpp" />
    <ClCompile Include="Game\Stage\StageOnOffVisualController.cpp" />
    <ClCompile Include="Game\Stage\StagePlacementPreviewBuilder.cpp" />
    <ClCompile Include="Game\Stage\StagePSwitchVisualController.cpp" />
    <ClCompile Include="Game\Stage\StageRenderer.cpp" />
    <ClCompile Include="Game\Stage\StageTransparencyPolicy.cpp" />
    <ClCompile Include="Game\Stage\StageWallTransparencyController.cpp" />
    <ClCompile Include="Engine\Base\StringUtility.cpp" />
    <ClCompile Include="Engine\Graphics\2D\TextureManager.cpp" />
    <ClCompile Include="Engine\Base\WinApp.cpp" />
    <ClCompile Include="Game\Block\BlockPlacementController.cpp" />
    <ClCompile Include="Game\Block\BubblePickupController.cpp" />
    <ClCompile Include="Game\Block\BlockInventory.cpp" />
    <ClCompile Include="Game\Scene\StageSelect.cpp" />
    <ClCompile Include="Sound\Sound.cpp" />
    <ClCompile Include="Game\Stage\StageRespawnController.cpp" />
    <ClCompile Include="Engine\Graphics\3D\GltfLoader.cpp" />
    <ClCompile Include="Game\Scene\EffectPresetStore.cpp" />
    <ClCompile Include="Game\Scene\LevelDataLoader.cpp" />
    <ClCompile Include="Game\Scene\BlenderRuntimeLevel.cpp" />
    <ClCompile Include="Game\Scene\SceneFactory.cpp" />
    <ClCompile Include="Game\Scene\SceneManager.cpp" />
    <ClCompile Include="Game\Scene\SkinningEditorController.cpp" />
    <ClCompile Include="Engine\Graphics\PostProcessRenderer.cpp" />
    <ClCompile Include="Game\Scene\Skybox.cpp" />
    <ClCompile Include="Game\Player\PlayerBasePosition.cpp" />
  </ItemGroup>
  <ItemGroup>
    <ClInclude Include="Engine\Utility\Camera.h" />
    <ClInclude Include="Engine\Utility\D3DResourceLeakChecker.h" />
    <ClInclude Include="Engine\Base\DirectXCommon.h" />
    <ClInclude Include="externals\imgui\imconfig.h" />
    <ClInclude Include="externals\imgui\imgui.h" />
    <ClInclude Include="externals\imgui\imgui_impl_dx12.h" />
    <ClInclude Include="externals\imgui\imgui_impl_win32.h" />
    <ClInclude Include="externals\imgui\imgui_internal.h" />
    <ClInclude Include="externals\imgui\imstb_rectpack.h" />
    <ClInclude Include="externals\imgui\imstb_textedit.h" />
    <ClInclude Include="externals\imgui\imstb_truetype.h" />
    <ClInclude Include="Game\Entity\Goal.h" />
    <ClInclude Include="Engine\Base\Input.h" />
    <ClInclude Include="Engine\Base\Logger.h" />
    <ClInclude Include="Game\Entity\MapCursor.h" />
    <ClInclude Include="Engine\Graphics\3D\Model.h" />
    <ClInclude Include="Engine\Graphics\3D\SkinnedModel.h" />
    <ClInclude Include="Engine\Graphics\3D\SkinnedObject.h" />
    <ClInclude Include="Engine\Graphics\3D\ModelManager.h" />
    <ClInclude Include="Engine\Graphics\3D\SrvManager.h" />
    <ClInclude Include="Game\Scene\EffectPresetStore.h" />
    <ClInclude Include="Game\Scene\BaseScene.h" />
    <ClInclude Include="Game\Scene\LevelDataLoader.h" />
    <ClInclude Include="Game\Scene\BlenderRuntimeLevel.h" />
    <ClInclude Include="Game\Collision\WorldCollisionBox.h" />
    <ClInclude Include="Game\Scene\MyGame.h" />
    <ClInclude Include="Game\Scene\GameBgmController.h" />
    <ClInclude Include="Game\Scene\EffectShowcaseController.h" />
    <ClInclude Include="Game\Scene\PostEffectShowcaseController.h" />
    <ClInclude Include="Game\Scene\GameRuntime.h" />
    <ClInclude Include="Game\Scene\StormEffectEditorController.h" />
    <ClInclude Include="Game\Scene\HitEffectEditorView.h" />
    <ClInclude Include="Game\Environment\WeatherRuntimeController.h" />
    <ClInclude Include="Game\Scene\SceneFactory.h" />
    <ClInclude Include="Game\Scene\SceneManager.h" />
    <ClInclude Include="Game\Scene\SceneType.h" />
    <ClInclude Include="Game\Scene\SceneUpdateContext.h" />
    <ClInclude Include="Game\UI\GameplayUIManager.h" />
    <ClInclude Include="Game\UI\BlockInventoryUI.h" />
    <ClInclude Include="Game\Camera\GameplayCameraController.h" />
    <ClInclude Include="Game\Stage\StageEditorController.h" />
    <ClInclude Include="Engine\Math\MyMath.h" />
    <ClInclude Include="Engine\Graphics\3D\Object3d.h" />
    <ClInclude Include="Engine\Graphics\3D\Object3dCommon.h" />
    <ClInclude Include="Engine\Graphics\Particle\ParticleManager.h" />
    <ClInclude Include="Game\Player\Player.h" />
    <ClInclude Include="Engine\Graphics\2D\Sprite.h" />
    <ClInclude Include="Engine\Graphics\2D\SpriteCommon.h" />
    <ClInclude Include="Game\Stage\StageMap.h" />
    <ClInclude Include="Game\Stage\StageMapGimmickSystem.h" />
    <ClInclude Include="Game\Stage\StageCrumblingFloorEffectUpdater.h" />
    <ClInclude Include="Game\Stage\StageOnOffVisualController.h" />
    <ClInclude Include="Game\Stage\StagePlacementPreviewBuilder.h" />
    <ClInclude Include="Game\Stage\StagePSwitchVisualController.h" />
    <ClInclude Include="Game\Stage\StageRenderer.h" />
    <ClInclude Include="Game\Stage\StageTransparencyPolicy.h" />
    <ClInclude Include="Game\Stage\StageWallTransparencyController.h" />
    <ClInclude Include="Engine\Base\StringUtility.h" />
    <ClInclude Include="Engine\Graphics\2D\TextureManager.h" />
    <ClInclude Include="Engine\Base\WinApp.h" />
    <ClInclude Include="Engine\Graphics\3D\ShadowMap.h" />
    <ClInclude Include="Game_Archive\Scene\TitleScene.h" />
    <ClInclude Include="Engine\Utility\LightCamera.h" />
    <ClInclude Include="Game_Archive\Scene\GameClearScene.h" />
    <ClInclude Include="Game\Block\BlockPlacementController.h" />
    <ClInclude Include="Game\Block\BubblePickupController.h" />
    <ClInclude Include="Game\Block\BlockInventory.h" />
    <ClInclude Include="Game\Scene\StageSelect.h" />
    <ClInclude Include="Sound\Sound.h" />
    <ClInclude Include="Game\Stage\StageRespawnController.h" />
    <ClInclude Include="Engine\Graphics\3D\GltfLoader.h" />
    <ClInclude Include="Game\Scene\SkinningEditorController.h" />
    <ClInclude Include="Engine\Graphics\PostProcessRenderer.h" />
    <ClInclude Include="Game\Scene\Skybox.h" />
    <ClInclude Include="Game\Player\PlayerBasePosition.h" />
  </ItemGroup>
  <ItemGroup>
    <None Include="Resources\shaders\hlsl\EmitParticle.CS.hlsl" />
    <None Include="Resources\shaders\hlsl\InitializeParticle.CS.hlsl" />
    <None Include="Resources\shaders\hlsl\UpdateParticle.CS.hlsl" />
    <None Include="Resources\shaders\hlsl\Particle.hlsli" />
    <None Include="Resources\shaders\hlsl\Object3d.hlsli" />
    <None Include="Resources\Levels\sample_level.json" />
  </ItemGroup>
</Project>
